
Microsoft Visual Studio Solution File, Format Version 12.00
# Visual Studio 15
VisualStudioVersion = 15.0.28307.421
MinimumVisualStudioVersion = 10.0.40219.1
Project("{8BC9CEB8-8B4A-11D0-8D11-00A0C91BC942}") = "KMemDriver", "KMemDriver\KMemDriver.vcxproj", "{5B65BD0E-C43C-41E3-A016-1CD0B092998F}"
EndProject
Project("{8BC9CEB8-8B4A-11D0-8D11-00A0C91BC942}") = "Hunted", "Hunted\Hunted.vcxproj", "{8661069D-CE09-4A70-8C75-8F33E77732E6}"
EndProject
Project("{8BC9CEB8-8B4A-11D0-8D11-00A0C91BC942}") = "MemDriverLib", "MemDriverLib\MemDriverLib.vcxproj", "{B6790A97-6995-46B6-AD73-AC5BC4AC76DB}"
EndProject
Project("{8BC9CEB8-8B4A-11D0-8D11-00A0C91BC942}") = "MemDriverWeb", "MemDriverWeb\MemDriverWeb.vcxproj", "{D36A5026-3729-4CC0-BD26-37177ACE3590}"
	ProjectSection(ProjectDependencies) = postProject
		{B6790A97-6995-46B6-AD73-AC5BC4AC76DB} = {B6790A97-6995-46B6-AD73-AC5BC4AC76DB}
	EndProjectSection
EndProject
Project("{8BC9CEB8-8B4A-11D0-8D11-00A0C91BC942}") = "CSGO", "CSGO\CSGO.vcxproj", "{65C081C2-3A90-470C-BF06-AFF2EEB00C25}"
EndProject
Project("{8BC9CEB8-8B4A-11D0-8D11-00A0C91BC942}") = "CMD", "CMD\CMD.vcxproj", "{231929F8-2FBF-45D9-91B8-AD835ED166A6}"
EndProject
Project("{8BC9CEB8-8B4A-11D0-8D11-00A0C91BC942}") = "TestDLL", "TestDLL\TestDLL.vcxproj", "{E27E6F2C-154E-46AF-BED4-78D50C751565}"
EndProject
Project("{8BC9CEB8-8B4A-11D0-8D11-00A0C91BC942}") = "IntegrationTest", "IntegrationTest\IntegrationTest.vcxproj", "{AD4E6887-32BA-4CC9-924C-18F0ECAFB576}"
EndProject
Global
	GlobalSection(SolutionConfigurationPlatforms) = preSolution
		Debug|x64 = Debug|x64
		Release|x64 = Release|x64
	EndGlobalSection
	GlobalSection(ProjectConfigurationPlatforms) = postSolution
		{5B65BD0E-C43C-41E3-A016-1CD0B092998F}.Debug|x64.ActiveCfg = Debug|x64
		{5B65BD0E-C43C-41E3-A016-1CD0B092998F}.Debug|x64.Build.0 = Debug|x64
		{5B65BD0E-C43C-41E3-A016-1CD0B092998F}.Release|x64.ActiveCfg = Release|x64
		{5B65BD0E-C43C-41E3-A016-1CD0B092998F}.Release|x64.Build.0 = Release|x64
		{5B65BD0E-C43C-41E3-A016-1CD0B092998F}.Release|x64.Deploy.0 = Release|x64
		{8661069D-CE09-4A70-8C75-8F33E77732E6}.Debug|x64.ActiveCfg = Debug|x64
		{8661069D-CE09-4A70-8C75-8F33E77732E6}.Debug|x64.Build.0 = Debug|x64
		{8661069D-CE09-4A70-8C75-8F33E77732E6}.Release|x64.ActiveCfg = Release|x64
		{8661069D-CE09-4A70-8C75-8F33E77732E6}.Release|x64.Build.0 = Release|x64
		{B6790A97-6995-46B6-AD73-AC5BC4AC76DB}.Debug|x64.ActiveCfg = Debug|x64
		{B6790A97-6995-46B6-AD73-AC5BC4AC76DB}.Debug|x64.Build.0 = Debug|x64
		{B6790A97-6995-46B6-AD73-AC5BC4AC76DB}.Release|x64.ActiveCfg = Release|x64
		{B6790A97-6995-46B6-AD73-AC5BC4AC76DB}.Release|x64.Build.0 = Release|x64
		{D36A5026-3729-4CC0-BD26-37177ACE3590}.Debug|x64.ActiveCfg = Debug|x64
		{D36A5026-3729-4CC0-BD26-37177ACE3590}.Debug|x64.Build.0 = Debug|x64
		{D36A5026-3729-4CC0-BD26-37177ACE3590}.Release|x64.ActiveCfg = Release|x64
		{D36A5026-3729-4CC0-BD26-37177ACE3590}.Release|x64.Build.0 = Release|x64
		{65C081C2-3A90-470C-BF06-AFF2EEB00C25}.Debug|x64.ActiveCfg = Debug|x64
		{65C081C2-3A90-470C-BF06-AFF2EEB00C25}.Debug|x64.Build.0 = Debug|x64
		{65C081C2-3A90-470C-BF06-AFF2EEB00C25}.Release|x64.ActiveCfg = Release|x64
		{65C081C2-3A90-470C-BF06-AFF2EEB00C25}.Release|x64.Build.0 = Release|x64
		{231929F8-2FBF-45D9-91B8-AD835ED166A6}.Debug|x64.ActiveCfg = Debug|x64
		{231929F8-2FBF-45D9-91B8-AD835ED166A6}.Debug|x64.Build.0 = Debug|x64
		{231929F8-2FBF-45D9-91B8-AD835ED166A6}.Release|x64.ActiveCfg = Release|x64
		{231929F8-2FBF-45D9-91B8-AD835ED166A6}.Release|x64.Build.0 = Release|x64
		{E27E6F2C-154E-46AF-BED4-78D50C751565}.Debug|x64.ActiveCfg = Release|x64
		{E27E6F2C-154E-46AF-BED4-78D50C751565}.Debug|x64.Build.0 = Release|x64
		{E27E6F2C-154E-46AF-BED4-78D50C751565}.Release|x64.ActiveCfg = Release|x64
		{E27E6F2C-154E-46AF-BED4-78D50C751565}.Release|x64.Build.0 = Release|x64
		{AD4E6887-32BA-4CC9-924C-18F0ECAFB576}.Debug|x64.ActiveCfg = Release|x64
		{AD4E6887-32BA-4CC9-924C-18F0ECAFB576}.Debug|x64.Build.0 = Release|x64
		{AD4E6887-32BA-4CC9-924C-18F0ECAFB576}.Release|x64.ActiveCfg = Release|x64
		{AD4E6887-32BA-4CC9-924C-18F0ECAFB576}.Release|x64.Build.0 = Release|x64
	EndGlobalSection
	GlobalSection(SolutionProperties) = preSolution
		HideSolutionNode = FALSE
	EndGlobalSection
	GlobalSection(ExtensibilityGlobals) = postSolution
		SolutionGuid = {8F34A429-695E-48D4-A0EF-9840BABAE3BF}
	EndGlobalSection
EndGlobal
